// !$*UTF8*$!
{
	archiveVersion = 1;
	classes = {
	};
	objectVersion = 46;
	objects = {

/* Begin PBXBuildFile section */
		8D2431CC1D391F000024F1D6 /* LaunchScreen.storyboard in Resources */ = {isa = PBXBuildFile; fileRef = 8D2431CB1D391F000024F1D6 /* LaunchScreen.storyboard */; };
		8D2431CE1D391FC10024F1D6 /* Main.storyboard in Resources */ = {isa = PBXBuildFile; fileRef = 8D2431CD1D391FC10024F1D6 /* Main.storyboard */; };
		8D2431D01D391FF30024F1D6 /* Assets.xcassets in Resources */ = {isa = PBXBuildFile; fileRef = 8D2431CF1D391FF30024F1D6 /* Assets.xcassets */; };
		8D24546D1D773AEB002A21C3 /* MyVideosResultsControllerView.swift in Sources */ = {isa = PBXBuildFile; fileRef = 8D24546C1D773AEB002A21C3 /* MyVideosResultsControllerView.swift */; };
		8D5109AD1D39229500CFFDAC /* Video.swift in Sources */ = {isa = PBXBuildFile; fileRef = 8D5109AC1D39229500CFFDAC /* Video.swift */; };
		8D5109AF1D3930AC00CFFDAC /* VideoCell.swift in Sources */ = {isa = PBXBuildFile; fileRef = 8D5109AE1D3930AC00CFFDAC /* VideoCell.swift */; };
		8D5109B11D3931DD00CFFDAC /* VideoTableViewController.swift in Sources */ = {isa = PBXBuildFile; fileRef = 8D5109B01D3931DD00CFFDAC /* VideoTableViewController.swift */; };
		8D5109B31D3936FC00CFFDAC /* VideoViewController.swift in Sources */ = {isa = PBXBuildFile; fileRef = 8D5109B21D3936FC00CFFDAC /* VideoViewController.swift */; };
		8D52F9091D67631C00FB6883 /* AllVideosResultControllerView.swift in Sources */ = {isa = PBXBuildFile; fileRef = 8D52F9081D67631C00FB6883 /* AllVideosResultControllerView.swift */; };
		8D63F29A1D64B22900689693 /* VideoSearch.swift in Sources */ = {isa = PBXBuildFile; fileRef = 8D63F2991D64B22900689693 /* VideoSearch.swift */; };
		8D63F2C81D64ED0D00689693 /* SearchDetailViewController.swift in Sources */ = {isa = PBXBuildFile; fileRef = 8D63F2C71D64ED0D00689693 /* SearchDetailViewController.swift */; };
		8D65C39E1D3FAD630078B86B /* JSON.swift in Sources */ = {isa = PBXBuildFile; fileRef = 8D65C39D1D3FAD630078B86B /* JSON.swift */; };
		8DB606961D303934005029DB /* Decoder.swift in Sources */ = {isa = PBXBuildFile; fileRef = 8DB6068F1D303934005029DB /* Decoder.swift */; };
		8DB606971D303934005029DB /* Dictionary.swift in Sources */ = {isa = PBXBuildFile; fileRef = 8DB606901D303934005029DB /* Dictionary.swift */; };
		8DB606981D303934005029DB /* Encoder.swift in Sources */ = {isa = PBXBuildFile; fileRef = 8DB606911D303934005029DB /* Encoder.swift */; };
		8DB606991D303934005029DB /* Gloss.swift in Sources */ = {isa = PBXBuildFile; fileRef = 8DB606931D303934005029DB /* Gloss.swift */; };
		8DB6069B1D303934005029DB /* Operators.swift in Sources */ = {isa = PBXBuildFile; fileRef = 8DB606951D303934005029DB /* Operators.swift */; };
		8DB6069D1D303E1F005029DB /* Download.swift in Sources */ = {isa = PBXBuildFile; fileRef = 8DB6069C1D303E1F005029DB /* Download.swift */; };
		8DEA3F751D54D79F00F1DA69 /* SearchViewController.swift in Sources */ = {isa = PBXBuildFile; fileRef = 8DEA3F741D54D79F00F1DA69 /* SearchViewController.swift */; };
		D9EF8FC71B53FD2100EFC4B6 /* AppDelegate.swift in Sources */ = {isa = PBXBuildFile; fileRef = D9EF8FC61B53FD2100EFC4B6 /* AppDelegate.swift */; };
/* End PBXBuildFile section */

/* Begin PBXFileReference section */
		8D2431CB1D391F000024F1D6 /* LaunchScreen.storyboard */ = {isa = PBXFileReference; fileEncoding = 4; lastKnownFileType = file.storyboard; path = LaunchScreen.storyboard; sourceTree = "<group>"; };
		8D2431CD1D391FC10024F1D6 /* Main.storyboard */ = {isa = PBXFileReference; fileEncoding = 4; lastKnownFileType = file.storyboard; path = Main.storyboard; sourceTree = "<group>"; };
		8D2431CF1D391FF30024F1D6 /* Assets.xcassets */ = {isa = PBXFileReference; lastKnownFileType = folder.assetcatalog; path = Assets.xcassets; sourceTree = "<group>"; };
		8D24546C1D773AEB002A21C3 /* MyVideosResultsControllerView.swift */ = {isa = PBXFileReference; fileEncoding = 4; lastKnownFileType = sourcecode.swift; path = MyVideosResultsControllerView.swift; sourceTree = "<group>"; };
		8D5109AC1D39229500CFFDAC /* Video.swift */ = {isa = PBXFileReference; fileEncoding = 4; lastKnownFileType = sourcecode.swift; path = Video.swift; sourceTree = "<group>"; };
		8D5109AE1D3930AC00CFFDAC /* VideoCell.swift */ = {isa = PBXFileReference; fileEncoding = 4; lastKnownFileType = sourcecode.swift; path = VideoCell.swift; sourceTree = "<group>"; };
		8D5109B01D3931DD00CFFDAC /* VideoTableViewController.swift */ = {isa = PBXFileReference; fileEncoding = 4; lastKnownFileType = sourcecode.swift; path = VideoTableViewController.swift; sourceTree = "<group>"; };
		8D5109B21D3936FC00CFFDAC /* VideoViewController.swift */ = {isa = PBXFileReference; fileEncoding = 4; lastKnownFileType = sourcecode.swift; path = VideoViewController.swift; sourceTree = "<group>"; };
		8D52F9081D67631C00FB6883 /* AllVideosResultControllerView.swift */ = {isa = PBXFileReference; fileEncoding = 4; lastKnownFileType = sourcecode.swift; path = AllVideosResultControllerView.swift; sourceTree = "<group>"; };
		8D63F2991D64B22900689693 /* VideoSearch.swift */ = {isa = PBXFileReference; fileEncoding = 4; lastKnownFileType = sourcecode.swift; path = VideoSearch.swift; sourceTree = "<group>"; };
		8D63F2C71D64ED0D00689693 /* SearchDetailViewController.swift */ = {isa = PBXFileReference; fileEncoding = 4; lastKnownFileType = sourcecode.swift; path = SearchDetailViewController.swift; sourceTree = "<group>"; };
		8D65C39D1D3FAD630078B86B /* JSON.swift */ = {isa = PBXFileReference; fileEncoding = 4; lastKnownFileType = sourcecode.swift; path = JSON.swift; sourceTree = "<group>"; };
		8DB6068F1D303934005029DB /* Decoder.swift */ = {isa = PBXFileReference; fileEncoding = 4; lastKnownFileType = sourcecode.swift; name = Decoder.swift; path = Gloss/Decoder.swift; sourceTree = "<group>"; };
		8DB606901D303934005029DB /* Dictionary.swift */ = {isa = PBXFileReference; fileEncoding = 4; lastKnownFileType = sourcecode.swift; name = Dictionary.swift; path = Gloss/Dictionary.swift; sourceTree = "<group>"; };
		8DB606911D303934005029DB /* Encoder.swift */ = {isa = PBXFileReference; fileEncoding = 4; lastKnownFileType = sourcecode.swift; name = Encoder.swift; path = Gloss/Encoder.swift; sourceTree = "<group>"; };
		8DB606921D303934005029DB /* Gloss.h */ = {isa = PBXFileReference; fileEncoding = 4; lastKnownFileType = sourcecode.c.h; name = Gloss.h; path = Gloss/Gloss.h; sourceTree = "<group>"; };
		8DB606931D303934005029DB /* Gloss.swift */ = {isa = PBXFileReference; fileEncoding = 4; lastKnownFileType = sourcecode.swift; name = Gloss.swift; path = Gloss/Gloss.swift; sourceTree = "<group>"; };
		8DB606951D303934005029DB /* Operators.swift */ = {isa = PBXFileReference; fileEncoding = 4; lastKnownFileType = sourcecode.swift; name = Operators.swift; path = Gloss/Operators.swift; sourceTree = "<group>"; };
		8DB6069C1D303E1F005029DB /* Download.swift */ = {isa = PBXFileReference; fileEncoding = 4; lastKnownFileType = sourcecode.swift; path = Download.swift; sourceTree = "<group>"; };
		8DEA3F741D54D79F00F1DA69 /* SearchViewController.swift */ = {isa = PBXFileReference; fileEncoding = 4; lastKnownFileType = sourcecode.swift; path = SearchViewController.swift; sourceTree = "<group>"; };
		D9EF8FC11B53FD2100EFC4B6 /* HalfTunes.app */ = {isa = PBXFileReference; explicitFileType = wrapper.application; includeInIndex = 0; path = HalfTunes.app; sourceTree = BUILT_PRODUCTS_DIR; };
		D9EF8FC51B53FD2100EFC4B6 /* Info.plist */ = {isa = PBXFileReference; lastKnownFileType = text.plist.xml; path = Info.plist; sourceTree = "<group>"; };
		D9EF8FC61B53FD2100EFC4B6 /* AppDelegate.swift */ = {isa = PBXFileReference; lastKnownFileType = sourcecode.swift; path = AppDelegate.swift; sourceTree = "<group>"; };
/* End PBXFileReference section */

/* Begin PBXFrameworksBuildPhase section */
		D9EF8FBE1B53FD2100EFC4B6 /* Frameworks */ = {
			isa = PBXFrameworksBuildPhase;
			buildActionMask = 2147483647;
			files = (
			);
			runOnlyForDeploymentPostprocessing = 0;
		};
/* End PBXFrameworksBuildPhase section */

/* Begin PBXGroup section */
		8D2431C01D391E970024F1D6 /* Gloss */ = {
			isa = PBXGroup;
			children = (
				8DB6068F1D303934005029DB /* Decoder.swift */,
				8DB606901D303934005029DB /* Dictionary.swift */,
				8DB606911D303934005029DB /* Encoder.swift */,
				8DB606921D303934005029DB /* Gloss.h */,
				8DB606931D303934005029DB /* Gloss.swift */,
				8DB606951D303934005029DB /* Operators.swift */,
			);
			name = Gloss;
			sourceTree = "<group>";
		};
		8D63F29B1D64D42900689693 /* MyVideos */ = {
			isa = PBXGroup;
			children = (
				8D24546C1D773AEB002A21C3 /* MyVideosResultsControllerView.swift */,
				8D5109B21D3936FC00CFFDAC /* VideoViewController.swift */,
				8DB6069C1D303E1F005029DB /* Download.swift */,
				D92117481B596DFE008DAD44 /* Cells */,
			);
			name = MyVideos;
			sourceTree = "<group>";
		};
		8D63F29C1D64D44A00689693 /* Search */ = {
			isa = PBXGroup;
			children = (
				8D5109B01D3931DD00CFFDAC /* VideoTableViewController.swift */,
				8D63F2991D64B22900689693 /* VideoSearch.swift */,
				8DEA3F741D54D79F00F1DA69 /* SearchViewController.swift */,
				8D63F2C71D64ED0D00689693 /* SearchDetailViewController.swift */,
				8D52F9081D67631C00FB6883 /* AllVideosResultControllerView.swift */,
			);
			name = Search;
			sourceTree = "<group>";
		};
		D92117481B596DFE008DAD44 /* Cells */ = {
			isa = PBXGroup;
			children = (
				8D5109AE1D3930AC00CFFDAC /* VideoCell.swift */,
			);
			name = Cells;
			sourceTree = "<group>";
		};
		D92117491B596E03008DAD44 /* Data Objects */ = {
			isa = PBXGroup;
			children = (
				8D5109AC1D39229500CFFDAC /* Video.swift */,
				8D65C39D1D3FAD630078B86B /* JSON.swift */,
			);
			name = "Data Objects";
			sourceTree = "<group>";
		};
		D9EF8FB81B53FD2100EFC4B6 = {
			isa = PBXGroup;
			children = (
				D9EF8FC31B53FD2100EFC4B6 /* CTVApp */,
				D9EF8FC21B53FD2100EFC4B6 /* Products */,
			);
			sourceTree = "<group>";
		};
		D9EF8FC21B53FD2100EFC4B6 /* Products */ = {
			isa = PBXGroup;
			children = (
				D9EF8FC11B53FD2100EFC4B6 /* HalfTunes.app */,
			);
			name = Products;
			sourceTree = "<group>";
		};
		D9EF8FC31B53FD2100EFC4B6 /* CTVApp */ = {
			isa = PBXGroup;
			children = (
				8D63F29C1D64D44A00689693 /* Search */,
				8D63F29B1D64D42900689693 /* MyVideos */,
				D92117491B596E03008DAD44 /* Data Objects */,
				8D2431C01D391E970024F1D6 /* Gloss */,
				D9EF8FC61B53FD2100EFC4B6 /* AppDelegate.swift */,
				8D2431CD1D391FC10024F1D6 /* Main.storyboard */,
				8D2431CF1D391FF30024F1D6 /* Assets.xcassets */,
				8D2431CB1D391F000024F1D6 /* LaunchScreen.storyboard */,
				D9EF8FC41B53FD2100EFC4B6 /* Supporting Files */,
			);
			name = CTVApp;
			path = HalfTunes;
			sourceTree = "<group>";
		};
		D9EF8FC41B53FD2100EFC4B6 /* Supporting Files */ = {
			isa = PBXGroup;
			children = (
				D9EF8FC51B53FD2100EFC4B6 /* Info.plist */,
			);
			name = "Supporting Files";
			sourceTree = "<group>";
		};
/* End PBXGroup section */

/* Begin PBXNativeTarget section */
		D9EF8FC01B53FD2100EFC4B6 /* HalfTunes */ = {
			isa = PBXNativeTarget;
			buildConfigurationList = D9EF8FE21B53FD2100EFC4B6 /* Build configuration list for PBXNativeTarget "HalfTunes" */;
			buildPhases = (
				D9EF8FBD1B53FD2100EFC4B6 /* Sources */,
				D9EF8FBE1B53FD2100EFC4B6 /* Frameworks */,
				D9EF8FBF1B53FD2100EFC4B6 /* Resources */,
			);
			buildRules = (
			);
			dependencies = (
			);
			name = HalfTunes;
			productName = HalfTunes;
			productReference = D9EF8FC11B53FD2100EFC4B6 /* HalfTunes.app */;
			productType = "com.apple.product-type.application";
		};
/* End PBXNativeTarget section */

/* Begin PBXProject section */
		D9EF8FB91B53FD2100EFC4B6 /* Project object */ = {
			isa = PBXProject;
			attributes = {
				LastSwiftUpdateCheck = 0700;
				LastUpgradeCheck = 0700;
				ORGANIZATIONNAME = "Ken Toh";
				TargetAttributes = {
					D9EF8FC01B53FD2100EFC4B6 = {
						CreatedOnToolsVersion = 6.4;
						DevelopmentTeam = TG434Y362J;
					};
				};
			};
			buildConfigurationList = D9EF8FBC1B53FD2100EFC4B6 /* Build configuration list for PBXProject "HalfTunes" */;
			compatibilityVersion = "Xcode 3.2";
			developmentRegion = English;
			hasScannedForEncodings = 0;
			knownRegions = (
				en,
				Base,
			);
			mainGroup = D9EF8FB81B53FD2100EFC4B6;
			productRefGroup = D9EF8FC21B53FD2100EFC4B6 /* Products */;
			projectDirPath = "";
			projectRoot = "";
			targets = (
				D9EF8FC01B53FD2100EFC4B6 /* HalfTunes */,
			);
		};
/* End PBXProject section */

/* Begin PBXResourcesBuildPhase section */
		D9EF8FBF1B53FD2100EFC4B6 /* Resources */ = {
			isa = PBXResourcesBuildPhase;
			buildActionMask = 2147483647;
			files = (
				8D2431CE1D391FC10024F1D6 /* Main.storyboard in Resources */,
				8D2431CC1D391F000024F1D6 /* LaunchScreen.storyboard in Resources */,
				8D2431D01D391FF30024F1D6 /* Assets.xcassets in Resources */,
			);
			runOnlyForDeploymentPostprocessing = 0;
		};
/* End PBXResourcesBuildPhase section */

/* Begin PBXSourcesBuildPhase section */
		D9EF8FBD1B53FD2100EFC4B6 /* Sources */ = {
			isa = PBXSourcesBuildPhase;
			buildActionMask = 2147483647;
			files = (
				D9EF8FC71B53FD2100EFC4B6 /* AppDelegate.swift in Sources */,
				8DB606981D303934005029DB /* Encoder.swift in Sources */,
				8D52F9091D67631C00FB6883 /* AllVideosResultControllerView.swift in Sources */,
				8D5109B31D3936FC00CFFDAC /* VideoViewController.swift in Sources */,
				8D5109B11D3931DD00CFFDAC /* VideoTableViewController.swift in Sources */,
				8D65C39E1D3FAD630078B86B /* JSON.swift in Sources */,
				8DB606961D303934005029DB /* Decoder.swift in Sources */,
				8D5109AF1D3930AC00CFFDAC /* VideoCell.swift in Sources */,
				8DEA3F751D54D79F00F1DA69 /* SearchViewController.swift in Sources */,
				8DB606991D303934005029DB /* Gloss.swift in Sources */,
				8DB606971D303934005029DB /* Dictionary.swift in Sources */,
				8DB6069B1D303934005029DB /* Operators.swift in Sources */,
				8D5109AD1D39229500CFFDAC /* Video.swift in Sources */,
				8D63F29A1D64B22900689693 /* VideoSearch.swift in Sources */,
				8D63F2C81D64ED0D00689693 /* SearchDetailViewController.swift in Sources */,
				8DB6069D1D303E1F005029DB /* Download.swift in Sources */,
				8D24546D1D773AEB002A21C3 /* MyVideosResultsControllerView.swift in Sources */,
			);
			runOnlyForDeploymentPostprocessing = 0;
		};
/* End PBXSourcesBuildPhase section */

/* Begin XCBuildConfiguration section */
		D9EF8FE01B53FD2100EFC4B6 /* Debug */ = {
			isa = XCBuildConfiguration;
			buildSettings = {
				ALWAYS_SEARCH_USER_PATHS = NO;
				CLANG_CXX_LANGUAGE_STANDARD = "gnu++0x";
				CLANG_CXX_LIBRARY = "libc++";
				CLANG_ENABLE_MODULES = YES;
				CLANG_ENABLE_OBJC_ARC = YES;
				CLANG_WARN_BOOL_CONVERSION = YES;
				CLANG_WARN_CONSTANT_CONVERSION = YES;
				CLANG_WARN_DIRECT_OBJC_ISA_USAGE = YES_ERROR;
				CLANG_WARN_EMPTY_BODY = YES;
				CLANG_WARN_ENUM_CONVERSION = YES;
				CLANG_WARN_INT_CONVERSION = YES;
				CLANG_WARN_OBJC_ROOT_CLASS = YES_ERROR;
				CLANG_WARN_UNREACHABLE_CODE = YES;
				CLANG_WARN__DUPLICATE_METHOD_MATCH = YES;
				"CODE_SIGN_IDENTITY[sdk=iphoneos*]" = "iPhone Developer";
				COPY_PHASE_STRIP = NO;
				DEBUG_INFORMATION_FORMAT = "dwarf-with-dsym";
				ENABLE_STRICT_OBJC_MSGSEND = YES;
				ENABLE_TESTABILITY = YES;
				GCC_C_LANGUAGE_STANDARD = gnu99;
				GCC_DYNAMIC_NO_PIC = NO;
				GCC_NO_COMMON_BLOCKS = YES;
				GCC_OPTIMIZATION_LEVEL = 0;
				GCC_PREPROCESSOR_DEFINITIONS = (
					"DEBUG=1",
					"$(inherited)",
				);
				GCC_SYMBOLS_PRIVATE_EXTERN = NO;
				GCC_WARN_64_TO_32_BIT_CONVERSION = YES;
				GCC_WARN_ABOUT_RETURN_TYPE = YES_ERROR;
				GCC_WARN_UNDECLARED_SELECTOR = YES;
				GCC_WARN_UNINITIALIZED_AUTOS = YES_AGGRESSIVE;
				GCC_WARN_UNUSED_FUNCTION = YES;
				GCC_WARN_UNUSED_VARIABLE = YES;
				IPHONEOS_DEPLOYMENT_TARGET = 8.4;
				MTL_ENABLE_DEBUG_INFO = YES;
				ONLY_ACTIVE_ARCH = YES;
				SDKROOT = iphoneos;
				SWIFT_OPTIMIZATION_LEVEL = "-Onone";
			};
			name = Debug;
		};
		D9EF8FE11B53FD2100EFC4B6 /* Release */ = {
			isa = XCBuildConfiguration;
			buildSettings = {
				ALWAYS_SEARCH_USER_PATHS = NO;
				CLANG_CXX_LANGUAGE_STANDARD = "gnu++0x";
				CLANG_CXX_LIBRARY = "libc++";
				CLANG_ENABLE_MODULES = YES;
				CLANG_ENABLE_OBJC_ARC = YES;
				CLANG_WARN_BOOL_CONVERSION = YES;
				CLANG_WARN_CONSTANT_CONVERSION = YES;
				CLANG_WARN_DIRECT_OBJC_ISA_USAGE = YES_ERROR;
				CLANG_WARN_EMPTY_BODY = YES;
				CLANG_WARN_ENUM_CONVERSION = YES;
				CLANG_WARN_INT_CONVERSION = YES;
				CLANG_WARN_OBJC_ROOT_CLASS = YES_ERROR;
				CLANG_WARN_UNREACHABLE_CODE = YES;
				CLANG_WARN__DUPLICATE_METHOD_MATCH = YES;
				"CODE_SIGN_IDENTITY[sdk=iphoneos*]" = "iPhone Developer";
				COPY_PHASE_STRIP = NO;
				DEBUG_INFORMATION_FORMAT = "dwarf-with-dsym";
				ENABLE_NS_ASSERTIONS = NO;
				ENABLE_STRICT_OBJC_MSGSEND = YES;
				GCC_C_LANGUAGE_STANDARD = gnu99;
				GCC_NO_COMMON_BLOCKS = YES;
				GCC_WARN_64_TO_32_BIT_CONVERSION = YES;
				GCC_WARN_ABOUT_RETURN_TYPE = YES_ERROR;
				GCC_WARN_UNDECLARED_SELECTOR = YES;
				GCC_WARN_UNINITIALIZED_AUTOS = YES_AGGRESSIVE;
				GCC_WARN_UNUSED_FUNCTION = YES;
				GCC_WARN_UNUSED_VARIABLE = YES;
				IPHONEOS_DEPLOYMENT_TARGET = 8.4;
				MTL_ENABLE_DEBUG_INFO = NO;
				SDKROOT = iphoneos;
				VALIDATE_PRODUCT = YES;
			};
			name = Release;
		};
		D9EF8FE31B53FD2100EFC4B6 /* Debug */ = {
			isa = XCBuildConfiguration;
			buildSettings = {
				ASSETCATALOG_COMPILER_APPICON_NAME = AppIcon;
				CODE_SIGN_IDENTITY = "iPhone Developer";
				"CODE_SIGN_IDENTITY[sdk=iphoneos*]" = "iPhone Developer";
				INFOPLIST_FILE = HalfTunes/Info.plist;
				IPHONEOS_DEPLOYMENT_TARGET = 9.0;
				LD_RUNPATH_SEARCH_PATHS = "$(inherited) @executable_path/Frameworks";
				PRODUCT_BUNDLE_IDENTIFIER = com.willogura.HalfTunes;
				PRODUCT_NAME = "$(TARGET_NAME)";
				PROVISIONING_PROFILE = "";
			};
			name = Debug;
		};
		D9EF8FE41B53FD2100EFC4B6 /* Release */ = {
			isa = XCBuildConfiguration;
			buildSettings = {
				ASSETCATALOG_COMPILER_APPICON_NAME = AppIcon;
				CODE_SIGN_IDENTITY = "iPhone Developer";
				"CODE_SIGN_IDENTITY[sdk=iphoneos*]" = "iPhone Developer";
				INFOPLIST_FILE = HalfTunes/Info.plist;
				IPHONEOS_DEPLOYMENT_TARGET = 9.0;
				LD_RUNPATH_SEARCH_PATHS = "$(inherited) @executable_path/Frameworks";
				PRODUCT_BUNDLE_IDENTIFIER = com.willogura.HalfTunes;
				PRODUCT_NAME = "$(TARGET_NAME)";
				PROVISIONING_PROFILE = "";
			};
			name = Release;
		};
/* End XCBuildConfiguration section */

/* Begin XCConfigurationList section */
		D9EF8FBC1B53FD2100EFC4B6 /* Build configuration list for PBXProject "HalfTunes" */ = {
			isa = XCConfigurationList;
			buildConfigurations = (
				D9EF8FE01B53FD2100EFC4B6 /* Debug */,
				D9EF8FE11B53FD2100EFC4B6 /* Release */,
			);
			defaultConfigurationIsVisible = 0;
			defaultConfigurationName = Release;
		};
		D9EF8FE21B53FD2100EFC4B6 /* Build configuration list for PBXNativeTarget "HalfTunes" */ = {
			isa = XCConfigurationList;
			buildConfigurations = (
				D9EF8FE31B53FD2100EFC4B6 /* Debug */,
				D9EF8FE41B53FD2100EFC4B6 /* Release */,
			);
			defaultConfigurationIsVisible = 0;
			defaultConfigurationName = Release;
		};
/* End XCConfigurationList section */
	};
	rootObject = D9EF8FB91B53FD2100EFC4B6 /* Project object */;
}
